# generated by rye
# use `rye lock` or `rye sync` to update this lockfile
#
# last locked with the following flags:
#   pre: false
#   features: []
#   all-features: false
#   with-sources: false
#   generate-hashes: false
#   universal: false

-e file:.
boto3==1.35.40
    # via arxiv-public-data
botocore==1.35.40
    # via boto3
    # via s3transfer
certifi==2024.8.30
    # via requests
cffi==1.17.1
    # via cryptography
charset-normalizer==3.4.0
    # via pdfminer-six
    # via requests
click==8.1.7
    # via poppler-utils
cryptography==43.0.1
    # via pdfminer-six
idna==3.10
    # via requests
jmespath==1.0.1
    # via boto3
    # via botocore
pdfminer-six==20240706
    # via arxiv-public-data
pdfminer3k @ https://github.com/jaepil/pdfminer3k/archive/1.0.4.zip
    # via arxiv-public-data
poppler-utils==0.1.0
    # via arxiv-public-data
pycparser==2.22
    # via cffi
python-dateutil==2.9.0.post0
    # via botocore
requests==2.32.3
    # via arxiv-public-data
s3transfer==0.10.3
    # via boto3
six==1.16.0
    # via python-dateutil
unicodedata2==15.1.0
    # via arxiv-public-data
urllib3==1.26.20
    # via botocore
    # via requests
